<?xml version="1.0" encoding="utf-8"?>
<Project ToolsVersion="17.0" xmlns="http://schemas.microsoft.com/developer/msbuild/2003">
  <ItemGroup>
    <CustomBuild Include="C:\Users\Hibb\OneDrive\Desktop\c++\openGL\assimp\build_x86\CMakeFiles\2c12e69e7fd7cb988e8078703db25daa\INSTALL_force.rule">
      <Filter>CMake Rules</Filter>
    </CustomBuild>
  </ItemGroup>
  <ItemGroup>
    <Filter Include="CMake Rules">
      <UniqueIdentifier>{535594F1-FF7F-37AE-91B0-5678877DE117}</UniqueIdentifier>
    </Filter>
  </ItemGroup>
</Project>
